<?xml version="1.0" encoding="utf-8"?>
<Project ToolsVersion="4.0" xmlns="http://schemas.microsoft.com/developer/msbuild/2003">
  <ItemGroup>
    <Filter Include="ECSEngine">
      <UniqueIdentifier>{762CF8CA-E296-AC41-2BD5-5DE7977E8A96}</UniqueIdentifier>
    </Filter>
    <Filter Include="ECSEngine\Allocators">
      <UniqueIdentifier>{792CB705-65BB-40CF-0EDA-54CAFA475175}</UniqueIdentifier>
    </Filter>
    <Filter Include="ECSEngine\Containers">
      <UniqueIdentifier>{3B798BC0-2708-158A-D026-2985BC942530}</UniqueIdentifier>
    </Filter>
  </ItemGroup>
  <ItemGroup>
    <ClInclude Include="src\Includes\ECSEngine.h" />
    <ClInclude Include="src\ECSEngine\Application.h">
      <Filter>ECSEngine</Filter>
    </ClInclude>
    <ClInclude Include="src\ECSEngine\Containers\BlockRange.h">
      <Filter>ECSEngine\Containers</Filter>
    </ClInclude>
    <ClInclude Include="src\ECSEngine\Containers\BooleanBitField.h">
      <Filter>ECSEngine\Containers</Filter>
    </ClInclude>
    <ClInclude Include="src\ECSEngine\Core.h">
      <Filter>ECSEngine</Filter>
    </ClInclude>
    <ClInclude Include="src\Includes\ecspch.h" />
    <ClInclude Include="src\ECSEngine\Containers\HashTable.h" />
    <ClInclude Include="src\ECSEngine\Containers\Stream.h" />
    <ClInclude Include="src\ECSEngine\ECS\EntityManager.h" />
    <ClInclude Include="src\ECSEngine\ECS\InternalStructures.h" />
    <ClInclude Include="src\ECSEngine\Rendering\Graphics.h" />
    <ClInclude Include="src\ECSEngine\Multithreading\ConcurrentPrimitives.h">
      <Filter>ECSEngine</Filter>
    </ClInclude>
    <ClInclude Include="src\ECSEngine\ECS\World.h" />
    <ClInclude Include="src\ECSEngine\Multithreading\TaskManager.h" />
    <ClInclude Include="src\ECSEngine\ECS\ArchetypeBase.h" />
    <ClInclude Include="src\ECSEngine\ECS\Archetype.h" />
    <ClInclude Include="src\Includes\EntryPoint.h">
      <Filter>ECSEngine</Filter>
    </ClInclude>
    <ClInclude Include="src\ECSEngine\Resources\ResourceManager.h" />
    <ClInclude Include="src\ECSEngine\Rendering\RenderingStructures.h" />
    <ClInclude Include="src\ECSEngine\Rendering\ColorUtilities.h" />
    <ClInclude Include="src\ECSEngine\Containers\Queues.h" />
    <ClInclude Include="src\ECSEngine\Containers\Stacks.h" />
    <ClInclude Include="src\ECSEngine\Rendering\GraphicsHelpers.h" />
    <ClInclude Include="src\ECSEngine\Math\VCLExtensions.h" />
    <ClInclude Include="src\ECSEngine\Utilities\Reflection\Reflection.h" />
    <ClInclude Include="src\ECSEngine\Utilities\Serialization\Binary\Serialization.h" />
    <ClInclude Include="src\ECSEngine\Multithreading\AtomicLinearAllocator.h" />
    <ClInclude Include="src\Includes\ECSEngineUI.h" />
    <ClInclude Include="src\ECSEngine\Containers\DataPointer.h" />
    <ClInclude Include="src\ECSEngine\Utilities\Serialization\Binary\SerializeSection.h" />
    <ClInclude Include="src\ECSEngine\Utilities\Serialization\Binary\SerializeMultisection.h" />
    <ClInclude Include="src\ECSEngine\Multithreading\TaskScheduler.h" />
    <ClInclude Include="src\Includes\ECSEngineAllocators.h" />
    <ClInclude Include="src\Includes\ECSEngineContainers.h" />
    <ClInclude Include="src\Includes\ECSEngineRuntime.h" />
    <ClInclude Include="src\Includes\ECSEngineUtilities.h" />
    <ClInclude Include="src\Includes\ECSEngineMath.h" />
    <ClInclude Include="src\Includes\ECSEngineSerialization.h" />
    <ClInclude Include="src\Includes\ECSEngineReflection.h" />
    <ClInclude Include="src\Includes\ECSEngineRendering.h" />
    <ClInclude Include="src\Includes\ECSEngineMultithreading.h" />
    <ClInclude Include="src\ECSEngine\Rendering\Compression\TextureCompression.h" />
    <ClInclude Include="src\Includes\ECSEngineStream.h" />
    <ClInclude Include="src\ECSEngine\Multithreading\ThreadTask.h" />
    <ClInclude Include="src\ECSEngine\Rendering\Compression\TextureCompressionTypes.h" />
    <ClInclude Include="src\Includes\ECSEngineModule.h" />
    <ClInclude Include="src\Includes\ECSEngineWorld.h" />
    <ClInclude Include="src\ECSEngine\Utilities\Reflection\ReflectionMacros.h" />
    <ClInclude Include="src\ECSEngine\Rendering\ShaderReflection.h" />
    <ClInclude Include="src\ECSEngine\GLTF\GLTFLoader.h" />
    <ClInclude Include="src\ECSEngine\Tools\Modules\Module.h" />
    <ClInclude Include="src\ECSEngine\Rendering\Shader Application Stage\Lighting.h" />
    <ClInclude Include="src\ECSEngine\Tools\Debug Draw\DebugDraw.h" />
    <ClInclude Include="src\ECSEngine\Containers\Deck.h" />
    <ClInclude Include="src\ECSEngine\Containers\AtomicStream.h" />
    <ClInclude Include="src\Includes\ECSEngineDebugDrawer.h" />
    <ClInclude Include="src\ECSEngine\Rendering\PBRMaps.h" />
    <ClInclude Include="src\ECSEngine\Rendering\Shader Application Stage\PBR.h" />
    <ClInclude Include="src\ECSEngine\Rendering\ShaderInclude.h" />
    <ClInclude Include="src\ECSEngine\Resources\ResourceTypes.h" />
    <ClInclude Include="src\Includes\ECSEngineRenderingCompression.h" />
    <ClInclude Include="src\Includes\ECSEngineAllocatorPolymorphic.h" />
    <ClInclude Include="src\ECSEngine\Utilities\Serialization\SerializationHelpers.h" />
    <ClInclude Include="src\ECSEngine\ApplicationUtilities.h" />
    <ClInclude Include="src\Includes\ECSEngineApplicationUtilities.h" />
    <ClInclude Include="src\ECSEngine\Containers\StableReferenceStream.h" />
    <ClInclude Include="src\ECSEngine\Containers\ResizableStableReferenceStream.h" />
    <ClInclude Include="src\ECSEngine\Utilities\Serialization\Text\TextSerialize.h" />
    <ClInclude Include="src\ECSEngine\Rendering\DirectXTexHelpers.h" />
    <ClInclude Include="src\ECSEngine\Utilities\Reflection\ReflectionStringFunctions.h" />
    <ClInclude Include="src\ECSEngine\Utilities\Reflection\ReflectionTypes.h" />
    <ClInclude Include="src\ECSEngine\Utilities\Serialization\Text\TextSerializeFields.h" />
    <ClInclude Include="src\ECSEngine\GLTF\GLTFThumbnail.h" />
    <ClInclude Include="src\Includes\ECSEngineConsole.h" />
    <ClInclude Include="src\ECSEngine\ECS\ForEach.h" />
    <ClInclude Include="src\ECSEngine\ECS\EntityManagerSerialize.h" />
    <ClInclude Include="src\ECSEngine\ECS\VectorComponentSignature.h" />
    <ClInclude Include="src\ECSEngine\Containers\SparseSet.h" />
    <ClInclude Include="src\ECSEngine\ECS\SystemManager.h" />
    <ClInclude Include="src\ECSEngine\ECS\EntityHierarchy.h" />
    <ClInclude Include="src\ECSEngine\Resources\Scene.h" />
    <ClInclude Include="src\ECSEngine\Input\InputSerialization.h" />
    <ClInclude Include="src\ECSEngine\Resources\AssetLoading.h" />
    <ClInclude Include="src\ECSEngine\Resources\AssetMetadata.h" />
    <ClInclude Include="src\ECSEngine\Resources\AssetDatabase.h" />
    <ClInclude Include="src\ECSEngine\ECS\EntityManagerSerializeTypes.h" />
    <ClInclude Include="src\ECSEngine\Tools\Modules\ModuleDefinition.h" />
    <ClInclude Include="src\Includes\ECSEngineResources.h" />
    <ClInclude Include="src\ECSEngine\Resources\AssetDatabaseReference.h" />
    <ClInclude Include="src\ECSEngine\Containers\ConcurrentHashTableSmall.h" />
    <ClInclude Include="src\ECSEngine\Containers\ConcurrentHashTable.h" />
    <ClInclude Include="src\ECSEngine\Multithreading\TaskSchedulerTypes.h" />
    <ClInclude Include="src\ECSEngine\Multithreading\TaskStealing.h" />
    <ClInclude Include="src\ECSEngine\ECS\ArchetypeQueryCache.h" />
    <ClInclude Include="src\ECSEngine\Containers\ResizableAtomicStream.h" />
    <ClInclude Include="src\Includes\ECSEngineReflectionMacros.h" />
    <ClInclude Include="src\ECSEngine\Tools\UI\UIDrawConfig.h" />
    <ClInclude Include="src\ECSEngine\Allocators\AllocatorPolymorphic.h" />
    <ClInclude Include="src\ECSEngine\Allocators\AllocatorTypes.h" />
    <ClInclude Include="src\ECSEngine\Allocators\LinearAllocator.h" />
    <ClInclude Include="src\ECSEngine\Allocators\MemoryArena.h" />
    <ClInclude Include="src\ECSEngine\Allocators\MemoryManager.h" />
    <ClInclude Include="src\ECSEngine\Allocators\MultipoolAllocator.h" />
    <ClInclude Include="src\ECSEngine\Allocators\PoolAllocator.h" />
    <ClInclude Include="src\ECSEngine\Allocators\ResizableLinearAllocator.h" />
    <ClInclude Include="src\ECSEngine\Allocators\StackAllocator.h" />
    <ClInclude Include="src\ECSEngine\Tools\UI\UIDrawConfigs.h" />
    <ClInclude Include="src\ECSEngine\Tools\UI\UIDrawer.h" />
    <ClInclude Include="src\ECSEngine\Tools\UI\UIDrawerActions.h" />
    <ClInclude Include="src\ECSEngine\Tools\UI\UIDrawerActionStructures.h" />
    <ClInclude Include="src\ECSEngine\Tools\UI\UIDrawerDescriptor.h" />
    <ClInclude Include="src\ECSEngine\Tools\UI\UIDrawerStructures.h" />
    <ClInclude Include="src\ECSEngine\Tools\UI\UIDrawerWindows.h" />
    <ClInclude Include="src\ECSEngine\Tools\UI\UIHelpers.h" />
    <ClInclude Include="src\ECSEngine\Tools\UI\UIMacros.h" />
    <ClInclude Include="src\ECSEngine\Tools\UI\UIOSActions.h" />
    <ClInclude Include="src\ECSEngine\Tools\UI\UIReflection.h" />
    <ClInclude Include="src\ECSEngine\Tools\UI\UIResourcePaths.h" />
    <ClInclude Include="src\ECSEngine\Tools\UI\UIStructures.h" />
    <ClInclude Include="src\ECSEngine\Tools\UI\UISystem.h" />
    <ClInclude Include="src\ECSEngine\Utilities\Timer.h" />
    <ClInclude Include="src\ECSEngine\Utilities\Assert.h" />
    <ClInclude Include="src\ECSEngine\Utilities\BasicTypes.h" />
    <ClInclude Include="src\ECSEngine\Utilities\Console.h" />
    <ClInclude Include="src\ECSEngine\Utilities\Crash.h" />
    <ClInclude Include="src\ECSEngine\Utilities\CrashHandler.h" />
    <ClInclude Include="src\ECSEngine\Utilities\Encryption.h" />
    <ClInclude Include="src\ECSEngine\Utilities\File.h" />
    <ClInclude Include="src\ECSEngine\Utilities\FilePackaging.h" />
    <ClInclude Include="src\ECSEngine\Utilities\ForEachFiles.h" />
    <ClInclude Include="src\ECSEngine\Utilities\StreamUtilities.h" />
    <ClInclude Include="src\ECSEngine\Utilities\ParsingUtilities.h" />
    <ClInclude Include="src\ECSEngine\Input\Keyboard.h" />
    <ClInclude Include="src\ECSEngine\Input\Mouse.h" />
    <ClInclude Include="src\ECSEngine\Utilities\Path.h" />
    <ClInclude Include="src\Includes\ECSEngineSerializationHelpers.h" />
    <ClInclude Include="src\ECSEngine\Utilities\StackScope.h" />
    <ClInclude Include="src\ECSEngine\Multithreading\RingBuffer.h" />
    <ClInclude Include="src\Includes\ECSEngineBasics.h" />
    <ClInclude Include="src\Includes\ECSEngineEntities.h" />
    <ClInclude Include="src\ECSEngine\ECS\Components.h" />
    <ClInclude Include="src\ECSEngine\Utilities\TreeIterator.h" />
    <ClInclude Include="src\ECSEngine\Utilities\Benchmark.h" />
    <ClInclude Include="src\Includes\ECSEngineBenchmark.h" />
    <ClInclude Include="src\ECSEngine\Containers\Hashing.h" />
    <ClInclude Include="src\ECSEngine\Utilities\ReferenceCountSerialize.h" />
    <ClInclude Include="src\ECSEngine\Resources\AssetMetadataSerialize.h" />
    <ClInclude Include="src\Includes\ECSEngineEntitiesSerialize.h" />
    <ClInclude Include="src\Includes\ECSEngineConcurrentPrimitives.h" />
    <ClInclude Include="src\Includes\ECSEngineComponents.h" />
    <ClInclude Include="src\Includes\ECSEngineForEach.h" />
    <ClInclude Include="src\ECSEngine\Utilities\Reflection\ReflectionConstants.h" />
    <ClInclude Include="src\Includes\ECSEngineCrash.h" />
    <ClInclude Include="src\ECSEngine\Resources\AssetMetadataHandling.h" />
    <ClInclude Include="src\Includes\ECSEngineAssets.h" />
    <ClInclude Include="src\ECSEngine\Utilities\Serialization\Binary\SerializationMacro.h" />
    <ClInclude Include="src\ECSEngine\Tools\Debug Draw\DebugDrawTypes.h" />
    <ClInclude Include="src\ECSEngine\Resources\AssetMetadataMacros.h" />
    <ClInclude Include="src\Includes\ECSEngineAssetMacros.h" />
    <ClInclude Include="src\ECSEngine\ECS\LinkComponents.h" />
    <ClInclude Include="src\ECSEngine\Tools\Modules\ModuleUtilities.h" />
    <ClInclude Include="src\Includes\ECSEngineScene.h" />
    <ClInclude Include="src\Includes\ECSEngineTimer.h" />
    <ClInclude Include="src\Includes\ECSEngineApplication.h" />
    <ClInclude Include="src\Includes\ECSEngineLinkComponents.h" />
    <ClInclude Include="src\ECSEngine\ECS\RuntimeResources.h" />
    <ClInclude Include="src\Includes\ECSEngineECSRuntimeResources.h" />
    <ClInclude Include="src\Includes\ECSEngineThreadTaskExport.h" />
    <ClInclude Include="src\ECSEngine\Multithreading\ThreadTaskExport.h" />
    <ClInclude Include="src\ECSEngine\ECS\ComponentHelpers.h" />
    <ClInclude Include="src\Includes\ECSEngineComponentsAll.h" />
    <ClInclude Include="src\Includes\ECSEngineShaderApplicationStage.h" />
    <ClInclude Include="src\ECSEngine\Rendering\Profiling.h" />
    <ClInclude Include="src\ECSEngine\Rendering\CBufferTags.h" />
    <ClInclude Include="src\Includes\ECSEngineCBufferTags.h" />
    <ClInclude Include="src\ECSEngine\Rendering\RenderingEffects.h" />
    <ClInclude Include="src\ECSEngine\Input\InputMapping.h" />
    <ClInclude Include="src\ECSEngine\Input\ButtonInput.h" />
    <ClInclude Include="src\ECSEngine\Rendering\VisualizeTexture.h" />
    <ClInclude Include="src\Includes\ECSEngineVisualizeTexture.h" />
    <ClInclude Include="src\ECSEngine\Rendering\SampleTexture.h" />
    <ClInclude Include="src\Includes\ECSEngineSampleTexture.h" />
    <ClInclude Include="src\ECSEngine\Utilities\TransformTool.h" />
    <ClInclude Include="src\Includes\ECSEngineInput.h" />
    <ClInclude Include="src\ECSEngine\Input\Controller\WASDController.h" />
    <ClInclude Include="src\ECSEngine\Allocators\AllocatorCallsDebug.h" />
    <ClInclude Include="src\ECSEngine\Utilities\DebugInfo.h" />
    <ClInclude Include="src\ECSEngine\Rendering\Camera.h" />
    <ClInclude Include="src\ECSEngine\Rendering\TransformHelpers.h" />
    <ClInclude Include="src\Includes\ECSEngineCamera.h" />
    <ClInclude Include="src\ECSEngine\Resources\AssetMetadataValidate.h" />
    <ClInclude Include="src\ECSEngine\Tools\Modules\ModuleExtraInformation.h" />
    <ClInclude Include="src\ECSEngine\Containers\SoA.h" />
    <ClInclude Include="src\ECSEngine\Math\MathTypeSizes.h" />
    <ClInclude Include="src\ECSEngine\GLTF\GLTFExportTextures.h" />
    <ClInclude Include="src\ECSEngine\Resources\WriteTexture.h" />
    <ClInclude Include="src\ECSEngine\Rendering\TextureOperations.h" />
    <ClInclude Include="src\ECSEngine\Math\MathHelpers.h" />
    <ClInclude Include="src\ECSEngine\Utilities\PointerUtilities.h" />
    <ClInclude Include="src\ECSEngine\Utilities\Utilities.h" />
    <ClInclude Include="src\ECSEngine\Utilities\FilePreprocessor.h" />
    <ClInclude Include="src\ECSEngine\Utilities\StringUtilities.h" />
    <ClInclude Include="src\ECSEngine\Utilities\EvaluateExpression.h" />
    <ClInclude Include="src\ECSEngine\Utilities\Algorithms.h" />
    <ClInclude Include="src\ECSEngine\Allocators\MemoryProtectedAllocator.h" />
    <ClInclude Include="src\ECSEngine\ECS\RuntimeCrashPersistence.h" />
    <ClInclude Include="src\ECSEngine\Containers\ResizableAtomicDeck.h" />
    <ClInclude Include="src\ECSEngine\ECS\WorldCrashHandler.h" />
    <ClInclude Include="src\Includes\ECSEngineRuntimeCrash.h" />
    <ClInclude Include="src\Includes\ECSEngineProfiling.h" />
    <ClInclude Include="src\Includes\ECSEngineProfilingGlobal.h" />
    <ClInclude Include="src\ECSEngine\Profiling\CPUFrameProfiler.h" />
    <ClInclude Include="src\ECSEngine\Profiling\CPUFrameProfilerGlobal.h" />
    <ClInclude Include="src\ECSEngine\Profiling\Statistic.h" />
    <ClInclude Include="src\ECSEngine\Profiling\GPUStats.h" />
    <ClInclude Include="src\ECSEngine\Utilities\ByteUnits.h" />
    <ClInclude Include="src\ECSEngine\OS\Memory.h" />
    <ClInclude Include="src\ECSEngine\OS\Thread.h" />
    <ClInclude Include="src\ECSEngine\OS\FileExplorer.h" />
    <ClInclude Include="src\ECSEngine\OS\Cursor.h" />
    <ClInclude Include="src\ECSEngine\OS\ExceptionHandling.h" />
    <ClInclude Include="src\ECSEngine\OS\DLL.h" />
    <ClInclude Include="src\ECSEngine\OS\FileOS.h" />
    <ClInclude Include="src\ECSEngine\OS\Misc.h" />
    <ClInclude Include="src\ECSEngine\OS\WithError.h" />
    <ClInclude Include="src\Includes\ECSEngineOS.h" />
    <ClInclude Include="src\ECSEngine\OS\PhysicalMemory.h" />
    <ClInclude Include="src\ECSEngine\Profiling\PhysicalMemoryProfiler.h" />
    <ClInclude Include="src\ECSEngine\Profiling\AllocatorProfiling.h" />
    <ClInclude Include="src\ECSEngine\Profiling\AllocatorProfilingGlobal.h" />
    <ClInclude Include="src\ECSEngine\Profiling\WorldProfiling.h" />
    <ClInclude Include="src\ECSEngine\Profiling\PhysicalMemoryProfilerGlobal.h" />
    <ClInclude Include="src\ECSEngine\Tools\UI\UIReflectionMacros.h" />
    <ClInclude Include="src\ECSEngine\ECS\EntityChangeSet.h" />
    <ClInclude Include="src\Includes\ECSEngineResourceTypes.h" />
    <ClInclude Include="src\ECSEngine\Math\Matrix.h" />
    <ClInclude Include="src\ECSEngine\Math\Vector.h" />
    <ClInclude Include="src\ECSEngine\Math\Transform.h" />
    <ClInclude Include="src\ECSEngine\Math\Quaternion.h" />
    <ClInclude Include="src\ECSEngine\Math\Plane.h" />
    <ClInclude Include="src\ECSEngine\Math\Intersection.h" />
    <ClInclude Include="src\ECSEngine\Math\Hermite.h" />
    <ClInclude Include="src\ECSEngine\Math\Conversion.h" />
    <ClInclude Include="src\ECSEngine\Math\Bezier.h" />
    <ClInclude Include="src\ECSEngine\Math\AABB.h" />
    <ClInclude Include="src\ECSEngine\Math\BaseVector.h" />
    <ClInclude Include="src\ECSEngine\ECS\ComponentRuntimeHelpers.h" />
    <ClInclude Include="src\ECSEngine\ECS\ComponentFunctions.h" />
    <ClInclude Include="src\ECSEngine\Math\TriangleMesh.h" />
    <ClInclude Include="src\ECSEngine\Math\SpatialGrid.h" />
    <ClInclude Include="src\ECSEngine\Allocators\AllocatorBase.h" />
    <ClInclude Include="src\ECSEngine\Math\Triangle.h" />
    <ClInclude Include="src\ECSEngine\Math\SphericalPartitioning.h" />
    <ClInclude Include="src\ECSEngine\Input\Controller\FirstPerson.h" />
    <ClInclude Include="src\Includes\ECSEngineInputControllers.h" />
    <ClInclude Include="src\Includes\ECSEngineContainersCommon.h" />
    <ClInclude Include="src\ECSEngine\OS\Monitor.h" />
    <ClInclude Include="src\Includes\ECSEngineOSMonitor.h" />
    <ClInclude Include="src\Includes\ECSEngineColor.h" />
    <ClInclude Include="src\Includes\ECSEngineTaskTypes.h" />
    <ClInclude Include="src\ECSEngine\Utilities\Iterator.h" />
    <ClInclude Include="src\ECSEngine\OS\Shell.h" />
    <ClInclude Include="src\ECSEngine\Utilities\Serialization\SerializeIntVariableLength.h" />
    <ClInclude Include="src\ECSEngine\Utilities\Serialization\DeltaStateSerialization.h" />
    <ClInclude Include="src\ECSEngine\Utilities\ReaderWriterInterface.h" />
    <ClInclude Include="src\ECSEngine\Utilities\InMemoryReaderWriter.h" />
    <ClInclude Include="src\ECSEngine\Utilities\BufferedFileReaderWriter.h" />
    <ClInclude Include="src\ECSEngine\Utilities\Serialization\DeltaStateSerializationForward.h" />
    <ClInclude Include="src\ECSEngine\ECS\EntityManagerChangeSet.h" />
    <ClInclude Include="src\ECSEngine\Utilities\Reflection\ReflectionCustomTypes.h" />
    <ClInclude Include="src\ECSEngine\Utilities\Reflection\ReflectionAllocatorHandling.h" />
    <ClInclude Include="src\ECSEngine\Utilities\Tokenize.h" />
    <ClInclude Include="src\ECSEngine\Utilities\SizeDeterminationReaderWriter.h" />
    <ClInclude Include="src\ECSEngine\OS\Process.h" />
    <ClInclude Include="src\ECSEngine\Allocators\MallocAllocator.h" />
    <ClInclude Include="src\ECSEngine\Utilities\Reflection\ReflectionCustomTypesEnum.h" />
    <ClInclude Include="src\ECSEngine\Resources\SceneDelta.h" />
    <ClInclude Include="src\ECSEngine\Resources\SceneTypes.h" />
    <ClInclude Include="src\ECSEngine\Tools\Modules\ModuleSourceCode.h" />
    <ClInclude Include="src\ECSEngine\Utilities\DeltaChange.h" />
  </ItemGroup>
  <ItemGroup>
    <ClCompile Include="src\ECSEngine\Application.cpp">
      <Filter>ECSEngine</Filter>
    </ClCompile>
    <ClCompile Include="src\ECSEngine\Containers\BlockRange.cpp">
      <Filter>ECSEngine\Containers</Filter>
    </ClCompile>
    <ClCompile Include="src\ECSEngine\Containers\BooleanBitField.cpp">
      <Filter>ECSEngine\Containers</Filter>
    </ClCompile>
    <ClCompile Include="src\Includes\ecspch.cpp" />
    <ClCompile Include="src\ECSEngine\ECS\EntityManager.cpp" />
    <ClCompile Include="src\ECSEngine\ECS\InternalStructures.cpp" />
    <ClCompile Include="src\ECSEngine\Rendering\Graphics.cpp" />
    <ClCompile Include="src\ECSEngine\Multithreading\ConcurrentPrimitives.cpp">
      <Filter>ECSEngine</Filter>
    </ClCompile>
    <ClCompile Include="src\ECSEngine\Multithreading\TaskManager.cpp" />
    <ClCompile Include="src\ECSEngine\ECS\ArchetypeBase.cpp" />
    <ClCompile Include="src\ECSEngine\Rendering\RenderingStructures.cpp" />
    <ClCompile Include="src\ECSEngine\Rendering\GraphicsHelpers.cpp" />
    <ClCompile Include="src\ECSEngine\Resources\ResourceManager.cpp" />
    <ClCompile Include="src\ECSEngine\Utilities\Reflection\Reflection.cpp" />
    <ClCompile Include="src\ECSEngine\Utilities\Serialization\Binary\Serialization.cpp" />
    <ClCompile Include="src\ECSEngine\Multithreading\AtomicLinearAllocator.cpp" />
    <ClCompile Include="src\ECSEngine\ECS\World.cpp" />
    <ClCompile Include="src\ECSEngine\Containers\DataPointer.cpp" />
    <ClCompile Include="src\ECSEngine\Utilities\Serialization\Binary\SerializeSection.cpp" />
    <ClCompile Include="src\ECSEngine\Utilities\Serialization\Binary\SerializeMultisection.cpp" />
    <ClCompile Include="src\ECSEngine\Multithreading\TaskScheduler.cpp" />
    <ClCompile Include="src\ECSEngine\Rendering\Compression\TextureCompression.cpp" />
    <ClCompile Include="src\ECSEngine\Multithreading\ThreadTask.cpp" />
    <ClCompile Include="src\ECSEngine\Rendering\ShaderReflection.cpp" />
    <ClCompile Include="src\ECSEngine\GLTF\cgtlf.c" />
    <ClCompile Include="src\ECSEngine\GLTF\GLTFLoader.cpp" />
    <ClCompile Include="src\ECSEngine\Tools\Modules\Module.cpp" />
    <ClCompile Include="src\ECSEngine\Rendering\Shader Application Stage\Lighting.cpp" />
    <ClCompile Include="src\ECSEngine\Tools\Debug Draw\DebugDraw.cpp" />
    <ClCompile Include="src\ECSEngine\Rendering\PBRMaps.cpp" />
    <ClCompile Include="src\ECSEngine\Rendering\Shader Application Stage\PBR.cpp" />
    <ClCompile Include="src\ECSEngine\Rendering\ShaderInclude.cpp" />
    <ClCompile Include="src\ECSEngine\Utilities\Serialization\SerializationHelpers.cpp" />
    <ClCompile Include="src\ECSEngine\ApplicationUtilities.cpp" />
    <ClCompile Include="src\ECSEngine\ECS\Archetype.cpp" />
    <ClCompile Include="src\ECSEngine\Utilities\Serialization\Text\TextSerialize.cpp" />
    <ClCompile Include="src\ECSEngine\Rendering\DirectXTexHelpers.cpp" />
    <ClCompile Include="src\ECSEngine\Utilities\Reflection\ReflectionStringFunctions.cpp" />
    <ClCompile Include="src\ECSEngine\Utilities\Serialization\Text\TextSerializeFields.cpp" />
    <ClCompile Include="src\ECSEngine\GLTF\GLTFThumbnail.cpp" />
    <ClCompile Include="src\ECSEngine\ECS\ForEach.cpp" />
    <ClCompile Include="src\ECSEngine\ECS\EntityManagerSerialize.cpp" />
    <ClCompile Include="src\ECSEngine\ECS\VectorComponentSignature.cpp" />
    <ClCompile Include="src\ECSEngine\ECS\SystemManager.cpp" />
    <ClCompile Include="src\ECSEngine\ECS\EntityHierarchy.cpp" />
    <ClCompile Include="src\ECSEngine\Resources\Scene.cpp" />
    <ClCompile Include="src\ECSEngine\Input\InputSerialization.cpp" />
    <ClCompile Include="src\ECSEngine\Resources\AssetLoading.cpp" />
    <ClCompile Include="src\ECSEngine\Resources\AssetMetadata.cpp" />
    <ClCompile Include="src\ECSEngine\Resources\AssetDatabase.cpp" />
    <ClCompile Include="src\ECSEngine\Utilities\Reflection\ReflectionTypes.cpp" />
    <ClCompile Include="src\ECSEngine\Resources\AssetDatabaseReference.cpp" />
    <ClCompile Include="src\ECSEngine\Multithreading\TaskSchedulerTypes.cpp" />
    <ClCompile Include="src\ECSEngine\ECS\ArchetypeQueryCache.cpp" />
    <ClCompile Include="src\ECSEngine\Tools\UI\UIDrawConfig.cpp" />
    <ClCompile Include="src\ECSEngine\Allocators\AllocatorPolymorphic.cpp" />
    <ClCompile Include="src\ECSEngine\Allocators\LinearAllocator.cpp" />
    <ClCompile Include="src\ECSEngine\Allocators\MemoryArena.cpp" />
    <ClCompile Include="src\ECSEngine\Allocators\MemoryManager.cpp" />
    <ClCompile Include="src\ECSEngine\Allocators\MultipoolAllocator.cpp" />
    <ClCompile Include="src\ECSEngine\Allocators\PoolAllocator.cpp" />
    <ClCompile Include="src\ECSEngine\Allocators\ResizableLinearAllocator.cpp" />
    <ClCompile Include="src\ECSEngine\Allocators\StackAllocator.cpp" />
    <ClCompile Include="src\ECSEngine\Tools\UI\UIDrawer.cpp" />
    <ClCompile Include="src\ECSEngine\Tools\UI\UIDrawerActions.cpp" />
    <ClCompile Include="src\ECSEngine\Tools\UI\UIDrawerActionStructures.cpp" />
    <ClCompile Include="src\ECSEngine\Tools\UI\UIDrawerStructures.cpp" />
    <ClCompile Include="src\ECSEngine\Tools\UI\UIDrawerWindows.cpp" />
    <ClCompile Include="src\ECSEngine\Tools\UI\UIHelpers.cpp" />
    <ClCompile Include="src\ECSEngine\Tools\UI\UIOSActions.cpp" />
    <ClCompile Include="src\ECSEngine\Tools\UI\UIReflection.cpp" />
    <ClCompile Include="src\ECSEngine\Tools\UI\UIStructures.cpp" />
    <ClCompile Include="src\ECSEngine\Tools\UI\UISystem.cpp" />
    <ClCompile Include="src\ECSEngine\Utilities\Assert.cpp" />
    <ClCompile Include="src\ECSEngine\Utilities\Console.cpp" />
    <ClCompile Include="src\ECSEngine\Utilities\Crash.cpp" />
    <ClCompile Include="src\ECSEngine\Utilities\CrashHandler.cpp" />
    <ClCompile Include="src\ECSEngine\Utilities\Encryption.cpp" />
    <ClCompile Include="src\ECSEngine\Utilities\File.cpp" />
    <ClCompile Include="src\ECSEngine\Utilities\FilePackaging.cpp" />
    <ClCompile Include="src\ECSEngine\Utilities\ForEachFiles.cpp" />
    <ClCompile Include="src\ECSEngine\Utilities\StreamUtilities.cpp" />
    <ClCompile Include="src\ECSEngine\Utilities\ParsingUtilities.cpp" />
    <ClCompile Include="src\ECSEngine\Input\Keyboard.cpp" />
    <ClCompile Include="src\ECSEngine\Input\Mouse.cpp" />
    <ClCompile Include="src\ECSEngine\Utilities\Path.cpp" />
    <ClCompile Include="src\ECSEngine\Utilities\Timer.cpp" />
    <ClCompile Include="src\ECSEngine\Multithreading\RingBuffer.cpp" />
    <ClCompile Include="src\ECSEngine\Utilities\Benchmark.cpp" />
    <ClCompile Include="src\ECSEngine\Containers\Hashing.cpp" />
    <ClCompile Include="src\ECSEngine\Utilities\ReferenceCountSerialize.cpp" />
    <ClCompile Include="src\ECSEngine\Resources\AssetMetadataSerialize.cpp" />
    <ClCompile Include="src\ECSEngine\Rendering\ColorUtilities.cpp" />
    <ClCompile Include="src\ECSEngine\Resources\AssetMetadataHandling.cpp" />
    <ClCompile Include="src\ECSEngine\ECS\LinkComponents.cpp" />
    <ClCompile Include="src\ECSEngine\Containers\SparseSet.cpp" />
    <ClCompile Include="src\ECSEngine\Tools\Modules\ModuleUtilities.cpp" />
    <ClCompile Include="src\ECSEngine\ECS\RuntimeResources.cpp" />
    <ClCompile Include="src\ECSEngine\ECS\ComponentHelpers.cpp" />
    <ClCompile Include="src\ECSEngine\Rendering\Profiling.cpp" />
    <ClCompile Include="src\ECSEngine\Rendering\CBufferTags.cpp" />
    <ClCompile Include="src\ECSEngine\Rendering\RenderingEffects.cpp" />
    <ClCompile Include="src\ECSEngine\Input\InputMapping.cpp" />
    <ClCompile Include="src\ECSEngine\Rendering\VisualizeTexture.cpp" />
    <ClCompile Include="src\ECSEngine\Rendering\SampleTexture.cpp" />
    <ClCompile Include="src\ECSEngine\Utilities\TransformTool.cpp" />
    <ClCompile Include="src\ECSEngine\Input\Controller\WASDController.cpp" />
    <ClCompile Include="src\ECSEngine\Allocators\AllocatorCallsDebug.cpp" />
    <ClCompile Include="src\ECSEngine\Rendering\Camera.cpp" />
    <ClCompile Include="src\ECSEngine\Rendering\TransformHelpers.cpp" />
    <ClCompile Include="src\ECSEngine\Math\AABB.cpp" />
    <ClCompile Include="src\ECSEngine\Tools\Modules\ModuleExtraInformation.cpp" />
    <ClCompile Include="src\ECSEngine\ECS\Components.cpp" />
    <ClCompile Include="src\ECSEngine\Math\MathTypeSizes.cpp" />
    <ClCompile Include="src\ECSEngine\GLTF\GLTFExportTextures.cpp" />
    <ClCompile Include="src\ECSEngine\Resources\WriteTexture.cpp" />
    <ClCompile Include="src\ECSEngine\Rendering\TextureOperations.cpp" />
    <ClCompile Include="src\ECSEngine\Math\MathHelpers.cpp" />
    <ClCompile Include="src\ECSEngine\Utilities\PointerUtilities.cpp" />
    <ClCompile Include="src\ECSEngine\Utilities\Utilities.cpp" />
    <ClCompile Include="src\ECSEngine\Utilities\BasicTypes.cpp" />
    <ClCompile Include="src\ECSEngine\Utilities\FilePreprocessor.cpp" />
    <ClCompile Include="src\ECSEngine\Utilities\StringUtilities.cpp" />
    <ClCompile Include="src\ECSEngine\Utilities\EvaluateExpression.cpp" />
    <ClCompile Include="src\ECSEngine\Allocators\MemoryProtectedAllocator.cpp" />
    <ClCompile Include="src\ECSEngine\ECS\RuntimeCrashPersistence.cpp" />
    <ClCompile Include="src\ECSEngine\ECS\WorldCrashHandler.cpp" />
    <ClCompile Include="src\ECSEngine\Profiling\CPUFrameProfiler.cpp" />
    <ClCompile Include="src\ECSEngine\Profiling\CPUFrameProfilerGlobal.cpp" />
    <ClCompile Include="src\ECSEngine\Profiling\GPUStats.cpp" />
    <ClCompile Include="src\ECSEngine\Utilities\ByteUnits.cpp" />
    <ClCompile Include="src\ECSEngine\Profiling\Statistic.cpp" />
    <ClCompile Include="src\ECSEngine\OS\Memory.cpp" />
    <ClCompile Include="src\ECSEngine\OS\Thread.cpp" />
    <ClCompile Include="src\ECSEngine\OS\FileExplorer.cpp" />
    <ClCompile Include="src\ECSEngine\OS\Cursor.cpp" />
    <ClCompile Include="src\ECSEngine\OS\ExceptionHandling.cpp" />
    <ClCompile Include="src\ECSEngine\OS\DLL.cpp" />
    <ClCompile Include="src\ECSEngine\OS\FileOS.cpp" />
    <ClCompile Include="src\ECSEngine\OS\Misc.cpp" />
    <ClCompile Include="src\ECSEngine\OS\WithError.cpp" />
    <ClCompile Include="src\ECSEngine\OS\PhysicalMemory.cpp" />
    <ClCompile Include="src\ECSEngine\Profiling\PhysicalMemoryProfiler.cpp" />
    <ClCompile Include="src\ECSEngine\Profiling\AllocatorProfiling.cpp" />
    <ClCompile Include="src\ECSEngine\Profiling\AllocatorProfilingGlobal.cpp" />
    <ClCompile Include="src\ECSEngine\Profiling\WorldProfiling.cpp" />
    <ClCompile Include="src\ECSEngine\Profiling\PhysicalMemoryProfilerGlobal.cpp" />
    <ClCompile Include="src\ECSEngine\ECS\EntityChangeSet.cpp" />
    <ClCompile Include="src\ECSEngine\Math\Matrix.cpp" />
    <ClCompile Include="src\ECSEngine\Math\Bezier.cpp" />
    <ClCompile Include="src\ECSEngine\Math\Conversion.cpp" />
    <ClCompile Include="src\ECSEngine\Math\Hermite.cpp" />
    <ClCompile Include="src\ECSEngine\Math\Intersection.cpp" />
    <ClCompile Include="src\ECSEngine\Math\Plane.cpp" />
    <ClCompile Include="src\ECSEngine\Math\Quaternion.cpp" />
    <ClCompile Include="src\ECSEngine\Math\Transform.cpp" />
    <ClCompile Include="src\ECSEngine\Math\Vector.cpp" />
    <ClCompile Include="src\ECSEngine\Math\BaseVector.cpp" />
    <ClCompile Include="src\ECSEngine\ECS\ComponentRuntimeHelpers.cpp" />
    <ClCompile Include="src\ECSEngine\Math\TriangleMesh.cpp" />
    <ClCompile Include="src\ECSEngine\Allocators\AllocatorBase.cpp" />
    <ClCompile Include="src\ECSEngine\Math\Triangle.cpp" />
    <ClCompile Include="src\ECSEngine\Input\Controller\FirstPerson.cpp" />
    <ClCompile Include="src\ECSEngine\OS\Monitor.cpp" />
    <ClCompile Include="src\ECSEngine\OS\Shell.cpp" />
    <ClCompile Include="src\ECSEngine\Utilities\Serialization\SerializeIntVariableLength.cpp" />
    <ClCompile Include="src\ECSEngine\Utilities\Serialization\DeltaStateSerialization.cpp" />
    <ClCompile Include="src\ECSEngine\ECS\EntityManagerChangeSet.cpp" />
    <ClCompile Include="src\ECSEngine\Utilities\Reflection\ReflectionCustomTypes.cpp" />
    <ClCompile Include="src\ECSEngine\Utilities\Reflection\ReflectionAllocatorHandling.cpp" />
    <ClCompile Include="src\ECSEngine\Utilities\Tokenize.cpp" />
    <ClCompile Include="src\ECSEngine\Utilities\BufferedFileReaderWriter.cpp" />
    <ClCompile Include="src\ECSEngine\Utilities\ReaderWriterInterface.cpp" />
    <ClCompile Include="src\ECSEngine\OS\Process.cpp" />
    <ClCompile Include="src\ECSEngine\Allocators\MallocAllocator.cpp" />
    <ClCompile Include="src\ECSEngine\Resources\SceneDelta.cpp" />
    <ClCompile Include="src\ECSEngine\Utilities\DeltaChange.cpp" />
  </ItemGroup>
  <ItemGroup>
    <FxCompile Include="src\ECSEngine\Rendering\Shaders\Compute\LinearToSRGB.hlsl" />
    <FxCompile Include="src\ECSEngine\Rendering\Shaders\Compute\SRGBToLinear.hlsl" />
    <FxCompile Include="src\ECSEngine\Rendering\Shaders\Vertex\BasicTransform.hlsl" />
    <FxCompile Include="src\ECSEngine\Rendering\Shaders\Pixel\SolidColor.hlsl" />
    <FxCompile Include="src\ECSEngine\Rendering\Shaders\Compute\Highlight.hlsl" />
    <FxCompile Include="src\ECSEngine\Rendering\Shaders\Pixel\HighlightStencil.hlsl" />
    <FxCompile Include="src\ECSEngine\Rendering\Shaders\Vertex\Passthrough.hlsl" />
    <FxCompile Include="src\ECSEngine\Rendering\Shaders\Pixel\HighlightBlend.hlsl" />
    <FxCompile Include="src\ECSEngine\Rendering\Shaders\Pixel\MousePick.hlsl" />
    <FxCompile Include="src\ECSEngine\Rendering\Shaders\Vertex\MousePick.hlsl" />
    <FxCompile Include="src\ECSEngine\Rendering\Shaders\Compute\VisualizeTexture.hlsl" />
    <FxCompile Include="src\ECSEngine\Rendering\Shaders\Pixel\DebugMousePick.hlsl" />
    <FxCompile Include="src\ECSEngine\Rendering\Shaders\Vertex\DebugStructuredInstance.hlsl" />
    <FxCompile Include="src\ECSEngine\Rendering\Shaders\Vertex\DebugTransformInstance.hlsl" />
    <FxCompile Include="src\ECSEngine\Rendering\Shaders\Vertex\SolidColorInstanced.hlsl" />
    <FxCompile Include="src\ECSEngine\Rendering\Shaders\Pixel\SolidColorInstanced.hlsl" />
  </ItemGroup>
  <ItemGroup>
    <Text Include="src\TODO.txt" />
  </ItemGroup>
  <ItemGroup>
    <None Include="src\ECSEngine\Rendering\Shaders\UIViewportTransform.hlsli" />
    <None Include="src\ECSEngine\Rendering\Shaders\Macros.hlsli" />
    <None Include="src\ECSEngine\Rendering\Shaders\LightingUtilities.hlsli" />
    <None Include="src\ECSEngine\Rendering\Shaders\Utilities.hlsli" />
    <None Include="src\ECSEngine\Rendering\Shaders\PBRBase.hlsli" />
    <None Include="src\ECSEngine\Rendering\Shaders\CBufferTags.hlsli" />
  </ItemGroup>
</Project>