
Microsoft Visual Studio Solution File, Format Version 12.00
# Visual Studio Version 16
VisualStudioVersion = 16.0.31702.278
MinimumVisualStudioVersion = 10.0.40219.1
Project("{8BC9CEB8-8B4A-11D0-8D11-00A0C91BC942}") = "Graphics", "Graphics\Graphics.vcxproj", "{737DA5FD-1447-4B07-B900-2FC298AD259B}"
EndProject
Global
	GlobalSection(SolutionConfigurationPlatforms) = preSolution
		Debug|x64 = Debug|x64
		Distribution|x64 = Distribution|x64
		Release|x64 = Release|x64
	EndGlobalSection
	GlobalSection(ProjectConfigurationPlatforms) = postSolution
		{737DA5FD-1447-4B07-B900-2FC298AD259B}.Debug|x64.ActiveCfg = Debug|x64
		{737DA5FD-1447-4B07-B900-2FC298AD259B}.Debug|x64.Build.0 = Debug|x64
		{737DA5FD-1447-4B07-B900-2FC298AD259B}.Distribution|x64.ActiveCfg = Distribution|x64
		{737DA5FD-1447-4B07-B900-2FC298AD259B}.Distribution|x64.Build.0 = Distribution|x64
		{737DA5FD-1447-4B07-B900-2FC298AD259B}.Release|x64.ActiveCfg = Release|x64
		{737DA5FD-1447-4B07-B900-2FC298AD259B}.Release|x64.Build.0 = Release|x64
	EndGlobalSection
	GlobalSection(SolutionProperties) = preSolution
		HideSolutionNode = FALSE
	EndGlobalSection
	GlobalSection(ExtensibilityGlobals) = postSolution
		SolutionGuid = {EB48D425-13B3-4859-9824-3238E33B230D}
	EndGlobalSection
EndGlobal
