<?xml version="1.0" encoding="utf-8"?>
<Project ToolsVersion="4.0" xmlns="http://schemas.microsoft.com/developer/msbuild/2003">
  <ItemGroup>
    <ClInclude Include="src\Editor\EditorParameters.h" />
    <ClInclude Include="src\editorpch.h" />
    <ClInclude Include="src\Editor\EditorState.h" />
    <ClInclude Include="src\Project\ProjectOperations.h" />
    <ClInclude Include="src\UI\HelperWindows.h" />
    <ClInclude Include="src\Project\ProjectUITemplatePreview.h" />
    <ClInclude Include="src\Editor\EditorFile.h" />
    <ClInclude Include="src\Editor\EditorEvent.h" />
    <ClInclude Include="src\Editor\EditorPalette.h" />
    <ClInclude Include="src\Project\ProjectUITemplate.h" />
    <ClInclude Include="resource.h" />
    <ClInclude Include="src\Project\ProjectFile.h" />
    <ClInclude Include="src\Project\ProjectFolders.h" />
    <ClInclude Include="src\Project\ProjectBackup.h" />
    <ClInclude Include="src\Sandbox\Sandbox.h" />
    <ClInclude Include="src\UI\ToolbarUI.h" />
    <ClInclude Include="src\UI\Backups.h" />
    <ClInclude Include="src\UI\DirectoryExplorer.h" />
    <ClInclude Include="src\UI\FileExplorer.h" />
    <ClInclude Include="src\UI\FileExplorerData.h" />
    <ClInclude Include="src\UI\Game.h" />
    <ClInclude Include="src\UI\Hub.h" />
    <ClInclude Include="src\UI\HubData.h" />
    <ClInclude Include="src\UI\Inspector.h" />
    <ClInclude Include="src\UI\InspectorData.h" />
    <ClInclude Include="src\UI\MiscellaneousBar.h" />
    <ClInclude Include="src\UI\ModuleExplorer.h" />
    <ClInclude Include="src\UI\NotificationBar.h" />
    <ClInclude Include="src\UI\SandboxExplorer.h" />
    <ClInclude Include="src\UI\CreateScene.h" />
    <ClInclude Include="src\Modules\Module.h" />
    <ClInclude Include="src\Modules\ModuleDefinition.h" />
    <ClInclude Include="src\Modules\ModuleFile.h" />
    <ClInclude Include="src\Modules\ModuleSettings.h" />
    <ClInclude Include="src\UI\EntitiesUI.h" />
    <ClInclude Include="src\Sandbox\SandboxEntityOperations.h" />
    <ClInclude Include="src\Editor\EditorComponents.h" />
    <ClInclude Include="src\Editor\EditorScene.h" />
    <ClInclude Include="src\UI\Inspector\InspectorUtilities.h" />
    <ClInclude Include="src\UI\Inspector\InspectorModule.h" />
    <ClInclude Include="src\UI\Inspector\InspectorMeshFile.h" />
    <ClInclude Include="src\UI\Inspector\InspectorTextFile.h" />
    <ClInclude Include="src\Assets\EditorSandboxAssets.h" />
    <ClInclude Include="src\UI\Scene.h" />
    <ClInclude Include="src\UI\AssetExplorer.h" />
    <ClInclude Include="src\Assets\AssetManagement.h" />
    <ClInclude Include="src\UI\AssetSettingHelper.h" />
    <ClInclude Include="src\UI\Inspector\InspectorTextureFile.h" />
    <ClInclude Include="src\Assets\AssetExtensions.h" />
    <ClInclude Include="src\UI\AssetOverrides.h" />
    <ClInclude Include="src\UI\AssetIcons.h" />
    <ClInclude Include="src\UI\Inspector\InspectorGPUSamplerFile.h" />
    <ClInclude Include="src\UI\Inspector\InspectorShaderFile.h" />
    <ClInclude Include="src\UI\Inspector\InspectorMaterialFile.h" />
    <ClInclude Include="src\UI\Inspector\InspectorMiscFile.h" />
    <ClInclude Include="src\Editor\EditorEventDef.h" />
    <ClInclude Include="src\Assets\AssetTick.h" />
    <ClInclude Include="src\UI\Common.h" />
    <ClInclude Include="src\Sandbox\SandboxTypes.h" />
    <ClInclude Include="src\UI\RenderingCommon.h" />
    <ClInclude Include="src\Editor\EditorStateTypes.h" />
    <ClInclude Include="src\Editor\EditorInputMapping.h" />
    <ClInclude Include="src\UI\TargetSandboxWindows.h" />
    <ClInclude Include="src\UI\VisualizeTexture.h" />
    <ClInclude Include="src\Editor\EditorVisualizeTexture.h" />
    <ClInclude Include="src\Sandbox\SandboxScene.h" />
    <ClInclude Include="src\Sandbox\SandboxFile.h" />
    <ClInclude Include="src\Sandbox\SandboxAccessor.h" />
    <ClInclude Include="src\Sandbox\SandboxModule.h" />
    <ClInclude Include="src\Assets\AssetBuiltins.h" />
    <ClInclude Include="src\Sandbox\SandboxCrashHandler.h" />
    <ClInclude Include="src\Project\ProjectSettings.h" />
    <ClInclude Include="src\UI\ProjectSettingsWindow.h" />
    <ClInclude Include="src\Sandbox\SandboxProfiling.h" />
    <ClInclude Include="src\Editor\EditorGeneralInputTick.h" />
    <ClInclude Include="src\Assets\PrefabFile.h" />
    <ClInclude Include="src\UI\DragTargets.h" />
    <ClInclude Include="src\UI\PrefabSceneDrag.h" />
    <ClInclude Include="src\Assets\Prefab.h" />
    <ClInclude Include="src\UI\OpenPrefab.h" />
    <ClInclude Include="src\UI\Inspector\InspectorAssetUtilities.h" />
    <ClInclude Include="src\Project\ProjectRenameFile.h" />
    <ClInclude Include="src\Editor\EditorSettings.h" />
    <ClInclude Include="src\Editor\EditorSourceCode.h" />
    <ClInclude Include="src\Sandbox\SandboxRecording.h" />
    <ClInclude Include="src\UI\Inspector\InspectorRecordingFile.h" />
    <ClInclude Include="src\Sandbox\SandboxRecordingFileExtension.h" />
    <ClInclude Include="src\Sandbox\SandboxReplay.h" />
    <ClInclude Include="src\Sandbox\SandboxCount.h" />
    <ClInclude Include="src\Editor\EditorShortcutFocus.h" />
  </ItemGroup>
  <ItemGroup>
    <ClCompile Include="src\Editor\Editor.cpp" />
    <ClCompile Include="src\editorpch.cpp" />
    <ClCompile Include="src\Project\ProjectOperations.cpp" />
    <ClCompile Include="src\UI\HelperWindows.cpp" />
    <ClCompile Include="src\Project\ProjectUITemplatePreview.cpp" />
    <ClCompile Include="src\Editor\EditorFile.cpp" />
    <ClCompile Include="src\Editor\EditorEvent.cpp" />
    <ClCompile Include="src\Project\ProjectUITemplate.cpp" />
    <ClCompile Include="src\Editor\EditorState.cpp" />
    <ClCompile Include="src\Project\ProjectFolders.cpp" />
    <ClCompile Include="src\Project\ProjectBackup.cpp" />
    <ClCompile Include="src\Sandbox\Sandbox.cpp" />
    <ClCompile Include="src\UI\Backups.cpp" />
    <ClCompile Include="src\UI\DirectoryExplorer.cpp" />
    <ClCompile Include="src\UI\FileExplorer.cpp" />
    <ClCompile Include="src\UI\Game.cpp" />
    <ClCompile Include="src\UI\Hub.cpp" />
    <ClCompile Include="src\UI\Inspector.cpp" />
    <ClCompile Include="src\UI\MiscellaneousBar.cpp" />
    <ClCompile Include="src\UI\ModuleExplorer.cpp" />
    <ClCompile Include="src\UI\NotificationBar.cpp" />
    <ClCompile Include="src\UI\SandboxExplorer.cpp" />
    <ClCompile Include="src\UI\CreateScene.cpp" />
    <ClCompile Include="src\UI\ToolbarUI.cpp" />
    <ClCompile Include="src\Modules\Module.cpp" />
    <ClCompile Include="src\Modules\ModuleFile.cpp" />
    <ClCompile Include="src\Modules\ModuleSettings.cpp" />
    <ClCompile Include="src\Modules\ModuleDefinition.cpp" />
    <ClCompile Include="src\UI\EntitiesUI.cpp" />
    <ClCompile Include="src\Sandbox\SandboxEntityOperations.cpp" />
    <ClCompile Include="src\Editor\EditorComponents.cpp" />
    <ClCompile Include="src\Editor\EditorScene.cpp" />
    <ClCompile Include="src\UI\Inspector\InspectorEntity.cpp" />
    <ClCompile Include="src\UI\Inspector\InspectorUtilities.cpp" />
    <ClCompile Include="src\UI\Inspector\InspectorMeshFile.cpp" />
    <ClCompile Include="src\UI\Inspector\InspectorModule.cpp" />
    <ClCompile Include="src\UI\Inspector\InspectorSandboxSettings.cpp" />
    <ClCompile Include="src\UI\Inspector\InspectorTextFile.cpp" />
    <ClCompile Include="src\Assets\EditorSandboxAssets.cpp" />
    <ClCompile Include="src\UI\Scene.cpp" />
    <ClCompile Include="src\UI\AssetExplorer.cpp" />
    <ClCompile Include="src\Assets\AssetManagement.cpp" />
    <ClCompile Include="src\UI\AssetSettingHelper.cpp" />
    <ClCompile Include="src\UI\Inspector\InspectorTextureFile.cpp" />
    <ClCompile Include="src\UI\AssetOverrides.cpp" />
    <ClCompile Include="src\UI\Inspector\InspectorGPUSamplerFile.cpp" />
    <ClCompile Include="src\UI\Inspector\InspectorShaderFile.cpp" />
    <ClCompile Include="src\UI\Inspector\InspectorMaterialFile.cpp" />
    <ClCompile Include="src\UI\Inspector\InspectorMiscFile.cpp" />
    <ClCompile Include="src\Assets\AssetTick.cpp" />
    <ClCompile Include="src\UI\Common.cpp" />
    <ClCompile Include="src\UI\RenderingCommon.cpp" />
    <ClCompile Include="src\Editor\EditorInputMapping.cpp" />
    <ClCompile Include="src\UI\VisualizeTexture.cpp" />
    <ClCompile Include="src\Editor\EditorVisualizeTexture.cpp" />
    <ClCompile Include="src\Sandbox\SandboxScene.cpp" />
    <ClCompile Include="src\Sandbox\SandboxFile.cpp" />
    <ClCompile Include="src\Sandbox\SandboxAccessor.cpp" />
    <ClCompile Include="src\Sandbox\SandboxModule.cpp" />
    <ClCompile Include="src\Assets\AssetExtensions.cpp" />
    <ClCompile Include="src\Assets\AssetBuiltins.cpp" />
    <ClCompile Include="src\Sandbox\SandboxCrashHandler.cpp" />
    <ClCompile Include="src\Project\ProjectSettings.cpp" />
    <ClCompile Include="src\UI\ProjectSettingsWindow.cpp" />
    <ClCompile Include="src\Sandbox\SandboxProfiling.cpp" />
    <ClCompile Include="src\Editor\EditorGeneralInputTick.cpp" />
    <ClCompile Include="src\Assets\PrefabFile.cpp" />
    <ClCompile Include="src\UI\PrefabSceneDrag.cpp" />
    <ClCompile Include="src\Assets\Prefab.cpp" />
    <ClCompile Include="src\UI\OpenPrefab.cpp" />
    <ClCompile Include="src\UI\Inspector\InspectorAssetUtilities.cpp" />
    <ClCompile Include="src\Project\ProjectRenameFile.cpp" />
    <ClCompile Include="src\Editor\EditorSettings.cpp" />
    <ClCompile Include="src\Editor\EditorSourceCode.cpp" />
    <ClCompile Include="src\Sandbox\SandboxRecording.cpp" />
    <ClCompile Include="src\UI\Inspector\InspectorRecordingFile.cpp" />
    <ClCompile Include="src\Sandbox\SandboxReplay.cpp" />
    <ClCompile Include="src\Sandbox\SandboxRecordingFileExtension.cpp" />
    <ClCompile Include="src\Editor\EditorShortcutFocus.cpp" />
  </ItemGroup>
  <ItemGroup>
    <ResourceCompile Include="Resource.rc" />
  </ItemGroup>
</Project>